
Microsoft Visual Studio Solution File, Format Version 12.00
# Visual Studio Version 17
VisualStudioVersion = 17.12.35527.113
MinimumVisualStudioVersion = 10.0.40219.1
Project("{FAE04EC0-301F-11D3-BF4B-00C04F79EFBC}") = "InveonBootcamp.AssigmentW1", "InveonBootcamp.AssigmentW1\InveonBootcamp.AssigmentW1.csproj", "{66129928-13E2-455E-95EC-49781212D31A}"
EndProject
Project("{FAE04EC0-301F-11D3-BF4B-00C04F79EFBC}") = "InveonBootcamp.AssignmentW1.BestPracticesAPI", "InveonBootcamp.AssignmentW1.BestPracticesAPI\InveonBootcamp.AssignmentW1.BestPracticesAPI.csproj", "{7B969E5B-BACD-4FB4-8B77-C0F8810249FC}"
EndProject
Global
	GlobalSection(SolutionConfigurationPlatforms) = preSolution
		Debug|Any CPU = Debug|Any CPU
		Release|Any CPU = Release|Any CPU
	EndGlobalSection
	GlobalSection(ProjectConfigurationPlatforms) = postSolution
		{66129928-13E2-455E-95EC-49781212D31A}.Debug|Any CPU.ActiveCfg = Debug|Any CPU
		{66129928-13E2-455E-95EC-49781212D31A}.Debug|Any CPU.Build.0 = Debug|Any CPU
		{66129928-13E2-455E-95EC-49781212D31A}.Release|Any CPU.ActiveCfg = Release|Any CPU
		{66129928-13E2-455E-95EC-49781212D31A}.Release|Any CPU.Build.0 = Release|Any CPU
		{7B969E5B-BACD-4FB4-8B77-C0F8810249FC}.Debug|Any CPU.ActiveCfg = Debug|Any CPU
		{7B969E5B-BACD-4FB4-8B77-C0F8810249FC}.Debug|Any CPU.Build.0 = Debug|Any CPU
		{7B969E5B-BACD-4FB4-8B77-C0F8810249FC}.Release|Any CPU.ActiveCfg = Release|Any CPU
		{7B969E5B-BACD-4FB4-8B77-C0F8810249FC}.Release|Any CPU.Build.0 = Release|Any CPU
	EndGlobalSection
	GlobalSection(SolutionProperties) = preSolution
		HideSolutionNode = FALSE
	EndGlobalSection
EndGlobal
